
Microsoft Visual Studio Solution File, Format Version 12.00
# Visual Studio Version 16
VisualStudioVersion = 16.0.29503.13
MinimumVisualStudioVersion = 10.0.40219.1
Project("{9A19103F-16F7-4668-BE54-9A1E7A4F7556}") = "Swizzer.Web.Api", "src\web\Swizzer.Web.Api\Swizzer.Web.Api.csproj", "{F939275B-07D4-4ADE-B268-C9AFEF094249}"
EndProject
Project("{9A19103F-16F7-4668-BE54-9A1E7A4F7556}") = "Swizzer.Web.Infrustructure", "src\web\Swizzer.Web.Infrustructure\Swizzer.Web.Infrustructure.csproj", "{F123F66D-28F4-4375-A5F4-9AB0115FC7A0}"
EndProject
Project("{2150E333-8FDC-42A3-9474-1A3956D46DE8}") = "shared", "shared", "{CF1DEEFF-F215-43A9-998F-B46D07955229}"
EndProject
Project("{9A19103F-16F7-4668-BE54-9A1E7A4F7556}") = "Swizzer.Shared", "src\shared\Swizzer.Shared\Swizzer.Shared.csproj", "{E829E97D-CB55-4535-ADDE-373120C9EE2F}"
EndProject
Global
	GlobalSection(SolutionConfigurationPlatforms) = preSolution
		Debug|Any CPU = Debug|Any CPU
		Release|Any CPU = Release|Any CPU
	EndGlobalSection
	GlobalSection(ProjectConfigurationPlatforms) = postSolution
		{F939275B-07D4-4ADE-B268-C9AFEF094249}.Debug|Any CPU.ActiveCfg = Debug|Any CPU
		{F939275B-07D4-4ADE-B268-C9AFEF094249}.Debug|Any CPU.Build.0 = Debug|Any CPU
		{F939275B-07D4-4ADE-B268-C9AFEF094249}.Release|Any CPU.ActiveCfg = Release|Any CPU
		{F939275B-07D4-4ADE-B268-C9AFEF094249}.Release|Any CPU.Build.0 = Release|Any CPU
		{F123F66D-28F4-4375-A5F4-9AB0115FC7A0}.Debug|Any CPU.ActiveCfg = Debug|Any CPU
		{F123F66D-28F4-4375-A5F4-9AB0115FC7A0}.Debug|Any CPU.Build.0 = Debug|Any CPU
		{F123F66D-28F4-4375-A5F4-9AB0115FC7A0}.Release|Any CPU.ActiveCfg = Release|Any CPU
		{F123F66D-28F4-4375-A5F4-9AB0115FC7A0}.Release|Any CPU.Build.0 = Release|Any CPU
		{E829E97D-CB55-4535-ADDE-373120C9EE2F}.Debug|Any CPU.ActiveCfg = Debug|Any CPU
		{E829E97D-CB55-4535-ADDE-373120C9EE2F}.Debug|Any CPU.Build.0 = Debug|Any CPU
		{E829E97D-CB55-4535-ADDE-373120C9EE2F}.Release|Any CPU.ActiveCfg = Release|Any CPU
		{E829E97D-CB55-4535-ADDE-373120C9EE2F}.Release|Any CPU.Build.0 = Release|Any CPU
	EndGlobalSection
	GlobalSection(SolutionProperties) = preSolution
		HideSolutionNode = FALSE
	EndGlobalSection
	GlobalSection(NestedProjects) = preSolution
		{E829E97D-CB55-4535-ADDE-373120C9EE2F} = {CF1DEEFF-F215-43A9-998F-B46D07955229}
	EndGlobalSection
	GlobalSection(ExtensibilityGlobals) = postSolution
		SolutionGuid = {5D2982BF-5E99-4E24-8A16-C44947AA7B40}
	EndGlobalSection
EndGlobal
